
Microsoft Visual Studio Solution File, Format Version 12.00
Project("{2150E333-8FDC-42A3-9474-1A3956D46DE8}") = "16/01/2023", "16/01/2023", "{DC96FD94-334D-4676-8399-A440DBDACAA9}"
EndProject
Project("{FAE04EC0-301F-11D3-BF4B-00C04F79EFBC}") = "NugetPackage", "NugetPackage\NugetPackage.csproj", "{D7FF3A5A-E288-45DF-9796-A5048B102769}"
EndProject
Global
	GlobalSection(SolutionConfigurationPlatforms) = preSolution
		Debug|Any CPU = Debug|Any CPU
		Release|Any CPU = Release|Any CPU
	EndGlobalSection
	GlobalSection(NestedProjects) = preSolution
		{D7FF3A5A-E288-45DF-9796-A5048B102769} = {DC96FD94-334D-4676-8399-A440DBDACAA9}
	EndGlobalSection
	GlobalSection(ProjectConfigurationPlatforms) = postSolution
		{D7FF3A5A-E288-45DF-9796-A5048B102769}.Debug|Any CPU.ActiveCfg = Debug|Any CPU
		{D7FF3A5A-E288-45DF-9796-A5048B102769}.Debug|Any CPU.Build.0 = Debug|Any CPU
		{D7FF3A5A-E288-45DF-9796-A5048B102769}.Release|Any CPU.ActiveCfg = Release|Any CPU
		{D7FF3A5A-E288-45DF-9796-A5048B102769}.Release|Any CPU.Build.0 = Release|Any CPU
	EndGlobalSection
EndGlobal
